// !$*UTF8*$!
{
	archiveVersion = 1;
	classes = {
	};
	objectVersion = 46;
	objects = {

/* Begin PBXBuildFile section */
		E64AC4AB1C0996F8007C6713 /* ZSRDiscoverViewController.m in Sources */ = {isa = PBXBuildFile; fileRef = E64AC4791C0996F8007C6713 /* ZSRDiscoverViewController.m */; };
		E64AC4AC1C0996F8007C6713 /* ZSRHomeViewController.m in Sources */ = {isa = PBXBuildFile; fileRef = E64AC47F1C0996F8007C6713 /* ZSRHomeViewController.m */; };
		E64AC4AD1C0996F8007C6713 /* UIView+Extension.m in Sources */ = {isa = PBXBuildFile; fileRef = E64AC4851C0996F8007C6713 /* UIView+Extension.m */; };
		E64AC4AE1C0996F8007C6713 /* ZSRNavigationController.m in Sources */ = {isa = PBXBuildFile; fileRef = E64AC4881C0996F8007C6713 /* ZSRNavigationController.m */; };
		E64AC4AF1C0996F8007C6713 /* ZSRTabBarViewController.m in Sources */ = {isa = PBXBuildFile; fileRef = E64AC48A1C0996F8007C6713 /* ZSRTabBarViewController.m */; };
		E64AC4B01C0996F8007C6713 /* AppDelegate.m in Sources */ = {isa = PBXBuildFile; fileRef = E64AC48F1C0996F8007C6713 /* AppDelegate.m */; };
		E64AC4B11C0996F8007C6713 /* main.m in Sources */ = {isa = PBXBuildFile; fileRef = E64AC4901C0996F8007C6713 /* main.m */; };
		E64AC4B21C0996F8007C6713 /* ZSRMessageCenterViewController.m in Sources */ = {isa = PBXBuildFile; fileRef = E64AC4951C0996F8007C6713 /* ZSRMessageCenterViewController.m */; };
		E64AC4B31C0996F8007C6713 /* ZSRProfileViewController.m in Sources */ = {isa = PBXBuildFile; fileRef = E64AC49B1C0996F8007C6713 /* ZSRProfileViewController.m */; };
		E64AC4B41C0996F8007C6713 /* ZSRTest1ViewController.m in Sources */ = {isa = PBXBuildFile; fileRef = E64AC4A31C0996F8007C6713 /* ZSRTest1ViewController.m */; };
		E64AC4B51C0996F8007C6713 /* ZSRTest1ViewController.xib in Resources */ = {isa = PBXBuildFile; fileRef = E64AC4A41C0996F8007C6713 /* ZSRTest1ViewController.xib */; };
		E64AC4B61C0996F8007C6713 /* ZSRTest2ViewController.m in Sources */ = {isa = PBXBuildFile; fileRef = E64AC4A61C0996F8007C6713 /* ZSRTest2ViewController.m */; };
		E64AC4B71C0996F8007C6713 /* ZSRTest2ViewController.xib in Resources */ = {isa = PBXBuildFile; fileRef = E64AC4A71C0996F8007C6713 /* ZSRTest2ViewController.xib */; };
		E64AC4B81C0996F8007C6713 /* ZSRTest3ViewController.m in Sources */ = {isa = PBXBuildFile; fileRef = E64AC4A91C0996F8007C6713 /* ZSRTest3ViewController.m */; };
		E64AC4B91C0996F8007C6713 /* ZSRTest3ViewController.xib in Resources */ = {isa = PBXBuildFile; fileRef = E64AC4AA1C0996F8007C6713 /* ZSRTest3ViewController.xib */; };
		E64AC4BC1C099AC8007C6713 /* UIBarButtonItem+Extension.m in Sources */ = {isa = PBXBuildFile; fileRef = E64AC4BB1C099AC8007C6713 /* UIBarButtonItem+Extension.m */; };
		E6629B5D1C12B6FE008E1A61 /* ZSROAuthViewController.m in Sources */ = {isa = PBXBuildFile; fileRef = E6629B5C1C12B6FE008E1A61 /* ZSROAuthViewController.m */; };
		E6629BCA1C12C82C008E1A61 /* AFHTTPRequestOperation.m in Sources */ = {isa = PBXBuildFile; fileRef = E6629BB21C12C82B008E1A61 /* AFHTTPRequestOperation.m */; };
		E6629BCB1C12C82C008E1A61 /* AFHTTPRequestOperationManager.m in Sources */ = {isa = PBXBuildFile; fileRef = E6629BB41C12C82B008E1A61 /* AFHTTPRequestOperationManager.m */; };
		E6629BCC1C12C82C008E1A61 /* AFHTTPSessionManager.m in Sources */ = {isa = PBXBuildFile; fileRef = E6629BB61C12C82B008E1A61 /* AFHTTPSessionManager.m */; };
		E6629BCD1C12C82C008E1A61 /* AFNetworkReachabilityManager.m in Sources */ = {isa = PBXBuildFile; fileRef = E6629BB91C12C82B008E1A61 /* AFNetworkReachabilityManager.m */; };
		E6629BCE1C12C82C008E1A61 /* AFSecurityPolicy.m in Sources */ = {isa = PBXBuildFile; fileRef = E6629BBB1C12C82B008E1A61 /* AFSecurityPolicy.m */; };
		E6629BCF1C12C82C008E1A61 /* AFURLConnectionOperation.m in Sources */ = {isa = PBXBuildFile; fileRef = E6629BBD1C12C82B008E1A61 /* AFURLConnectionOperation.m */; };
		E6629BD01C12C82C008E1A61 /* AFURLRequestSerialization.m in Sources */ = {isa = PBXBuildFile; fileRef = E6629BBF1C12C82B008E1A61 /* AFURLRequestSerialization.m */; };
		E6629BD11C12C82C008E1A61 /* AFURLResponseSerialization.m in Sources */ = {isa = PBXBuildFile; fileRef = E6629BC11C12C82C008E1A61 /* AFURLResponseSerialization.m */; };
		E6629BD21C12C82C008E1A61 /* AFURLSessionManager.m in Sources */ = {isa = PBXBuildFile; fileRef = E6629BC31C12C82C008E1A61 /* AFURLSessionManager.m */; };
		E6629BD31C12C82C008E1A61 /* MBProgressHUD+MJ.m in Sources */ = {isa = PBXBuildFile; fileRef = E6629BC61C12C82C008E1A61 /* MBProgressHUD+MJ.m */; };
		E6629BD41C12C82C008E1A61 /* MBProgressHUD.bundle in Resources */ = {isa = PBXBuildFile; fileRef = E6629BC71C12C82C008E1A61 /* MBProgressHUD.bundle */; };
		E6629BD51C12C82C008E1A61 /* MBProgressHUD.m in Sources */ = {isa = PBXBuildFile; fileRef = E6629BC91C12C82C008E1A61 /* MBProgressHUD.m */; };
		E6836A6F1C11C45100BFD103 /* ZSRNewfeatureViewController.m in Sources */ = {isa = PBXBuildFile; fileRef = E6836A6E1C11C45100BFD103 /* ZSRNewfeatureViewController.m */; };
		E6B6C3A11C105906003B7903 /* ZSRSearchBar.m in Sources */ = {isa = PBXBuildFile; fileRef = E6B6C3A01C105906003B7903 /* ZSRSearchBar.m */; };
		E6B6C3A41C106DDF003B7903 /* ZSRDropdownMenu.m in Sources */ = {isa = PBXBuildFile; fileRef = E6B6C3A31C106DDF003B7903 /* ZSRDropdownMenu.m */; };
		E6B6C3AA1C10754F003B7903 /* ZSRTitleMenuViewController.m in Sources */ = {isa = PBXBuildFile; fileRef = E6B6C3A91C10754F003B7903 /* ZSRTitleMenuViewController.m */; };
		E6B6C3AD1C1089EC003B7903 /* ZSRTabBar.m in Sources */ = {isa = PBXBuildFile; fileRef = E6B6C3AC1C1089EC003B7903 /* ZSRTabBar.m */; };
		E6F4BC1E1C088A8500C30E47 /* Assets.xcassets in Resources */ = {isa = PBXBuildFile; fileRef = E6F4BC1D1C088A8500C30E47 /* Assets.xcassets */; };
		E6F4BC211C088A8500C30E47 /* LaunchScreen.storyboard in Resources */ = {isa = PBXBuildFile; fileRef = E6F4BC1F1C088A8500C30E47 /* LaunchScreen.storyboard */; };
		E6F4BC2C1C088A8500C30E47 /* weiboTests.m in Sources */ = {isa = PBXBuildFile; fileRef = E6F4BC2B1C088A8500C30E47 /* weiboTests.m */; };
		E6F4BC371C088A8500C30E47 /* weiboUITests.m in Sources */ = {isa = PBXBuildFile; fileRef = E6F4BC361C088A8500C30E47 /* weiboUITests.m */; };
/* End PBXBuildFile section */

/* Begin PBXContainerItemProxy section */
		E6F4BC281C088A8500C30E47 /* PBXContainerItemProxy */ = {
			isa = PBXContainerItemProxy;
			containerPortal = E6F4BC061C088A8400C30E47 /* Project object */;
			proxyType = 1;
			remoteGlobalIDString = E6F4BC0D1C088A8500C30E47;
			remoteInfo = weibo;
		};
		E6F4BC331C088A8500C30E47 /* PBXContainerItemProxy */ = {
			isa = PBXContainerItemProxy;
			containerPortal = E6F4BC061C088A8400C30E47 /* Project object */;
			proxyType = 1;
			remoteGlobalIDString = E6F4BC0D1C088A8500C30E47;
			remoteInfo = weibo;
		};
/* End PBXContainerItemProxy section */

/* Begin PBXFileReference section */
		E64AC4781C0996F8007C6713 /* ZSRDiscoverViewController.h */ = {isa = PBXFileReference; fileEncoding = 4; lastKnownFileType = sourcecode.c.h; path = ZSRDiscoverViewController.h; sourceTree = "<group>"; };
		E64AC4791C0996F8007C6713 /* ZSRDiscoverViewController.m */ = {isa = PBXFileReference; fileEncoding = 4; lastKnownFileType = sourcecode.c.objc; path = ZSRDiscoverViewController.m; sourceTree = "<group>"; };
		E64AC47E1C0996F8007C6713 /* ZSRHomeViewController.h */ = {isa = PBXFileReference; fileEncoding = 4; lastKnownFileType = sourcecode.c.h; path = ZSRHomeViewController.h; sourceTree = "<group>"; };
		E64AC47F1C0996F8007C6713 /* ZSRHomeViewController.m */ = {isa = PBXFileReference; fileEncoding = 4; lastKnownFileType = sourcecode.c.objc; path = ZSRHomeViewController.m; sourceTree = "<group>"; };
		E64AC4841C0996F8007C6713 /* UIView+Extension.h */ = {isa = PBXFileReference; fileEncoding = 4; lastKnownFileType = sourcecode.c.h; path = "UIView+Extension.h"; sourceTree = "<group>"; };
		E64AC4851C0996F8007C6713 /* UIView+Extension.m */ = {isa = PBXFileReference; fileEncoding = 4; lastKnownFileType = sourcecode.c.objc; path = "UIView+Extension.m"; sourceTree = "<group>"; };
		E64AC4871C0996F8007C6713 /* ZSRNavigationController.h */ = {isa = PBXFileReference; fileEncoding = 4; lastKnownFileType = sourcecode.c.h; path = ZSRNavigationController.h; sourceTree = "<group>"; };
		E64AC4881C0996F8007C6713 /* ZSRNavigationController.m */ = {isa = PBXFileReference; fileEncoding = 4; lastKnownFileType = sourcecode.c.objc; path = ZSRNavigationController.m; sourceTree = "<group>"; };
		E64AC4891C0996F8007C6713 /* ZSRTabBarViewController.h */ = {isa = PBXFileReference; fileEncoding = 4; lastKnownFileType = sourcecode.c.h; path = ZSRTabBarViewController.h; sourceTree = "<group>"; };
		E64AC48A1C0996F8007C6713 /* ZSRTabBarViewController.m */ = {isa = PBXFileReference; fileEncoding = 4; lastKnownFileType = sourcecode.c.objc; path = ZSRTabBarViewController.m; sourceTree = "<group>"; };
		E64AC48E1C0996F8007C6713 /* AppDelegate.h */ = {isa = PBXFileReference; fileEncoding = 4; lastKnownFileType = sourcecode.c.h; path = AppDelegate.h; sourceTree = "<group>"; };
		E64AC48F1C0996F8007C6713 /* AppDelegate.m */ = {isa = PBXFileReference; fileEncoding = 4; lastKnownFileType = sourcecode.c.objc; path = AppDelegate.m; sourceTree = "<group>"; };
		E64AC4901C0996F8007C6713 /* main.m */ = {isa = PBXFileReference; fileEncoding = 4; lastKnownFileType = sourcecode.c.objc; path = main.m; sourceTree = "<group>"; };
		E64AC4941C0996F8007C6713 /* ZSRMessageCenterViewController.h */ = {isa = PBXFileReference; fileEncoding = 4; lastKnownFileType = sourcecode.c.h; path = ZSRMessageCenterViewController.h; sourceTree = "<group>"; };
		E64AC4951C0996F8007C6713 /* ZSRMessageCenterViewController.m */ = {isa = PBXFileReference; fileEncoding = 4; lastKnownFileType = sourcecode.c.objc; path = ZSRMessageCenterViewController.m; sourceTree = "<group>"; };
		E64AC49A1C0996F8007C6713 /* ZSRProfileViewController.h */ = {isa = PBXFileReference; fileEncoding = 4; lastKnownFileType = sourcecode.c.h; path = ZSRProfileViewController.h; sourceTree = "<group>"; };
		E64AC49B1C0996F8007C6713 /* ZSRProfileViewController.m */ = {isa = PBXFileReference; fileEncoding = 4; lastKnownFileType = sourcecode.c.objc; path = ZSRProfileViewController.m; sourceTree = "<group>"; };
		E64AC4A21C0996F8007C6713 /* ZSRTest1ViewController.h */ = {isa = PBXFileReference; fileEncoding = 4; lastKnownFileType = sourcecode.c.h; path = ZSRTest1ViewController.h; sourceTree = "<group>"; };
		E64AC4A31C0996F8007C6713 /* ZSRTest1ViewController.m */ = {isa = PBXFileReference; fileEncoding = 4; lastKnownFileType = sourcecode.c.objc; path = ZSRTest1ViewController.m; sourceTree = "<group>"; };
		E64AC4A41C0996F8007C6713 /* ZSRTest1ViewController.xib */ = {isa = PBXFileReference; fileEncoding = 4; lastKnownFileType = file.xib; path = ZSRTest1ViewController.xib; sourceTree = "<group>"; };
		E64AC4A51C0996F8007C6713 /* ZSRTest2ViewController.h */ = {isa = PBXFileReference; fileEncoding = 4; lastKnownFileType = sourcecode.c.h; path = ZSRTest2ViewController.h; sourceTree = "<group>"; };
		E64AC4A61C0996F8007C6713 /* ZSRTest2ViewController.m */ = {isa = PBXFileReference; fileEncoding = 4; lastKnownFileType = sourcecode.c.objc; path = ZSRTest2ViewController.m; sourceTree = "<group>"; };
		E64AC4A71C0996F8007C6713 /* ZSRTest2ViewController.xib */ = {isa = PBXFileReference; fileEncoding = 4; lastKnownFileType = file.xib; path = ZSRTest2ViewController.xib; sourceTree = "<group>"; };
		E64AC4A81C0996F8007C6713 /* ZSRTest3ViewController.h */ = {isa = PBXFileReference; fileEncoding = 4; lastKnownFileType = sourcecode.c.h; path = ZSRTest3ViewController.h; sourceTree = "<group>"; };
		E64AC4A91C0996F8007C6713 /* ZSRTest3ViewController.m */ = {isa = PBXFileReference; fileEncoding = 4; lastKnownFileType = sourcecode.c.objc; path = ZSRTest3ViewController.m; sourceTree = "<group>"; };
		E64AC4AA1C0996F8007C6713 /* ZSRTest3ViewController.xib */ = {isa = PBXFileReference; fileEncoding = 4; lastKnownFileType = file.xib; path = ZSRTest3ViewController.xib; sourceTree = "<group>"; };
		E64AC4BA1C099AC8007C6713 /* UIBarButtonItem+Extension.h */ = {isa = PBXFileReference; fileEncoding = 4; lastKnownFileType = sourcecode.c.h; path = "UIBarButtonItem+Extension.h"; sourceTree = "<group>"; };
		E64AC4BB1C099AC8007C6713 /* UIBarButtonItem+Extension.m */ = {isa = PBXFileReference; fileEncoding = 4; lastKnownFileType = sourcecode.c.objc; path = "UIBarButtonItem+Extension.m"; sourceTree = "<group>"; };
		E6629B5B1C12B6FE008E1A61 /* ZSROAuthViewController.h */ = {isa = PBXFileReference; fileEncoding = 4; lastKnownFileType = sourcecode.c.h; path = ZSROAuthViewController.h; sourceTree = "<group>"; };
		E6629B5C1C12B6FE008E1A61 /* ZSROAuthViewController.m */ = {isa = PBXFileReference; fileEncoding = 4; lastKnownFileType = sourcecode.c.objc; path = ZSROAuthViewController.m; sourceTree = "<group>"; };
		E6629BB11C12C82B008E1A61 /* AFHTTPRequestOperation.h */ = {isa = PBXFileReference; fileEncoding = 4; lastKnownFileType = sourcecode.c.h; path = AFHTTPRequestOperation.h; sourceTree = "<group>"; };
		E6629BB21C12C82B008E1A61 /* AFHTTPRequestOperation.m */ = {isa = PBXFileReference; fileEncoding = 4; lastKnownFileType = sourcecode.c.objc; path = AFHTTPRequestOperation.m; sourceTree = "<group>"; };
		E6629BB31C12C82B008E1A61 /* AFHTTPRequestOperationManager.h */ = {isa = PBXFileReference; fileEncoding = 4; lastKnownFileType = sourcecode.c.h; path = AFHTTPRequestOperationManager.h; sourceTree = "<group>"; };
		E6629BB41C12C82B008E1A61 /* AFHTTPRequestOperationManager.m */ = {isa = PBXFileReference; fileEncoding = 4; lastKnownFileType = sourcecode.c.objc; path = AFHTTPRequestOperationManager.m; sourceTree = "<group>"; };
		E6629BB51C12C82B008E1A61 /* AFHTTPSessionManager.h */ = {isa = PBXFileReference; fileEncoding = 4; lastKnownFileType = sourcecode.c.h; path = AFHTTPSessionManager.h; sourceTree = "<group>"; };
		E6629BB61C12C82B008E1A61 /* AFHTTPSessionManager.m */ = {isa = PBXFileReference; fileEncoding = 4; lastKnownFileType = sourcecode.c.objc; path = AFHTTPSessionManager.m; sourceTree = "<group>"; };
		E6629BB71C12C82B008E1A61 /* AFNetworking.h */ = {isa = PBXFileReference; fileEncoding = 4; lastKnownFileType = sourcecode.c.h; path = AFNetworking.h; sourceTree = "<group>"; };
		E6629BB81C12C82B008E1A61 /* AFNetworkReachabilityManager.h */ = {isa = PBXFileReference; fileEncoding = 4; lastKnownFileType = sourcecode.c.h; path = AFNetworkReachabilityManager.h; sourceTree = "<group>"; };
		E6629BB91C12C82B008E1A61 /* AFNetworkReachabilityManager.m */ = {isa = PBXFileReference; fileEncoding = 4; lastKnownFileType = sourcecode.c.objc; path = AFNetworkReachabilityManager.m; sourceTree = "<group>"; };
		E6629BBA1C12C82B008E1A61 /* AFSecurityPolicy.h */ = {isa = PBXFileReference; fileEncoding = 4; lastKnownFileType = sourcecode.c.h; path = AFSecurityPolicy.h; sourceTree = "<group>"; };
		E6629BBB1C12C82B008E1A61 /* AFSecurityPolicy.m */ = {isa = PBXFileReference; fileEncoding = 4; lastKnownFileType = sourcecode.c.objc; path = AFSecurityPolicy.m; sourceTree = "<group>"; };
		E6629BBC1C12C82B008E1A61 /* AFURLConnectionOperation.h */ = {isa = PBXFileReference; fileEncoding = 4; lastKnownFileType = sourcecode.c.h; path = AFURLConnectionOperation.h; sourceTree = "<group>"; };
		E6629BBD1C12C82B008E1A61 /* AFURLConnectionOperation.m */ = {isa = PBXFileReference; fileEncoding = 4; lastKnownFileType = sourcecode.c.objc; path = AFURLConnectionOperation.m; sourceTree = "<group>"; };
		E6629BBE1C12C82B008E1A61 /* AFURLRequestSerialization.h */ = {isa = PBXFileReference; fileEncoding = 4; lastKnownFileType = sourcecode.c.h; path = AFURLRequestSerialization.h; sourceTree = "<group>"; };
		E6629BBF1C12C82B008E1A61 /* AFURLRequestSerialization.m */ = {isa = PBXFileReference; fileEncoding = 4; lastKnownFileType = sourcecode.c.objc; path = AFURLRequestSerialization.m; sourceTree = "<group>"; };
		E6629BC01C12C82B008E1A61 /* AFURLResponseSerialization.h */ = {isa = PBXFileReference; fileEncoding = 4; lastKnownFileType = sourcecode.c.h; path = AFURLResponseSerialization.h; sourceTree = "<group>"; };
		E6629BC11C12C82C008E1A61 /* AFURLResponseSerialization.m */ = {isa = PBXFileReference; fileEncoding = 4; lastKnownFileType = sourcecode.c.objc; path = AFURLResponseSerialization.m; sourceTree = "<group>"; };
		E6629BC21C12C82C008E1A61 /* AFURLSessionManager.h */ = {isa = PBXFileReference; fileEncoding = 4; lastKnownFileType = sourcecode.c.h; path = AFURLSessionManager.h; sourceTree = "<group>"; };
		E6629BC31C12C82C008E1A61 /* AFURLSessionManager.m */ = {isa = PBXFileReference; fileEncoding = 4; lastKnownFileType = sourcecode.c.objc; path = AFURLSessionManager.m; sourceTree = "<group>"; };
		E6629BC51C12C82C008E1A61 /* MBProgressHUD+MJ.h */ = {isa = PBXFileReference; fileEncoding = 4; lastKnownFileType = sourcecode.c.h; path = "MBProgressHUD+MJ.h"; sourceTree = "<group>"; };
		E6629BC61C12C82C008E1A61 /* MBProgressHUD+MJ.m */ = {isa = PBXFileReference; fileEncoding = 4; lastKnownFileType = sourcecode.c.objc; path = "MBProgressHUD+MJ.m"; sourceTree = "<group>"; };
		E6629BC71C12C82C008E1A61 /* MBProgressHUD.bundle */ = {isa = PBXFileReference; lastKnownFileType = "wrapper.plug-in"; path = MBProgressHUD.bundle; sourceTree = "<group>"; };
		E6629BC81C12C82C008E1A61 /* MBProgressHUD.h */ = {isa = PBXFileReference; fileEncoding = 4; lastKnownFileType = sourcecode.c.h; path = MBProgressHUD.h; sourceTree = "<group>"; };
		E6629BC91C12C82C008E1A61 /* MBProgressHUD.m */ = {isa = PBXFileReference; fileEncoding = 4; lastKnownFileType = sourcecode.c.objc; path = MBProgressHUD.m; sourceTree = "<group>"; };
		E66724F41C08933F0070FCAD /* weibo.pch */ = {isa = PBXFileReference; lastKnownFileType = sourcecode.c.h; path = weibo.pch; sourceTree = "<group>"; };
		E6836A6D1C11C45100BFD103 /* ZSRNewfeatureViewController.h */ = {isa = PBXFileReference; fileEncoding = 4; lastKnownFileType = sourcecode.c.h; path = ZSRNewfeatureViewController.h; sourceTree = "<group>"; };
		E6836A6E1C11C45100BFD103 /* ZSRNewfeatureViewController.m */ = {isa = PBXFileReference; fileEncoding = 4; lastKnownFileType = sourcecode.c.objc; path = ZSRNewfeatureViewController.m; sourceTree = "<group>"; };
		E6B6C39F1C105906003B7903 /* ZSRSearchBar.h */ = {isa = PBXFileReference; fileEncoding = 4; lastKnownFileType = sourcecode.c.h; path = ZSRSearchBar.h; sourceTree = "<group>"; };
		E6B6C3A01C105906003B7903 /* ZSRSearchBar.m */ = {isa = PBXFileReference; fileEncoding = 4; lastKnownFileType = sourcecode.c.objc; path = ZSRSearchBar.m; sourceTree = "<group>"; };
		E6B6C3A21C106DDF003B7903 /* ZSRDropdownMenu.h */ = {isa = PBXFileReference; fileEncoding = 4; lastKnownFileType = sourcecode.c.h; path = ZSRDropdownMenu.h; sourceTree = "<group>"; };
		E6B6C3A31C106DDF003B7903 /* ZSRDropdownMenu.m */ = {isa = PBXFileReference; fileEncoding = 4; lastKnownFileType = sourcecode.c.objc; path = ZSRDropdownMenu.m; sourceTree = "<group>"; };
		E6B6C3A81C10754F003B7903 /* ZSRTitleMenuViewController.h */ = {isa = PBXFileReference; fileEncoding = 4; lastKnownFileType = sourcecode.c.h; path = ZSRTitleMenuViewController.h; sourceTree = "<group>"; };
		E6B6C3A91C10754F003B7903 /* ZSRTitleMenuViewController.m */ = {isa = PBXFileReference; fileEncoding = 4; lastKnownFileType = sourcecode.c.objc; path = ZSRTitleMenuViewController.m; sourceTree = "<group>"; };
		E6B6C3AB1C1089EC003B7903 /* ZSRTabBar.h */ = {isa = PBXFileReference; fileEncoding = 4; lastKnownFileType = sourcecode.c.h; path = ZSRTabBar.h; sourceTree = "<group>"; };
		E6B6C3AC1C1089EC003B7903 /* ZSRTabBar.m */ = {isa = PBXFileReference; fileEncoding = 4; lastKnownFileType = sourcecode.c.objc; path = ZSRTabBar.m; sourceTree = "<group>"; };
		E6F4BC0E1C088A8500C30E47 /* weibo.app */ = {isa = PBXFileReference; explicitFileType = wrapper.application; includeInIndex = 0; path = weibo.app; sourceTree = BUILT_PRODUCTS_DIR; };
		E6F4BC1D1C088A8500C30E47 /* Assets.xcassets */ = {isa = PBXFileReference; lastKnownFileType = folder.assetcatalog; path = Assets.xcassets; sourceTree = "<group>"; };
		E6F4BC201C088A8500C30E47 /* Base */ = {isa = PBXFileReference; lastKnownFileType = file.storyboard; name = Base; path = Base.lproj/LaunchScreen.storyboard; sourceTree = "<group>"; };
		E6F4BC221C088A8500C30E47 /* Info.plist */ = {isa = PBXFileReference; lastKnownFileType = text.plist.xml; path = Info.plist; sourceTree = "<group>"; };
		E6F4BC271C088A8500C30E47 /* weiboTests.xctest */ = {isa = PBXFileReference; explicitFileType = wrapper.cfbundle; includeInIndex = 0; path = weiboTests.xctest; sourceTree = BUILT_PRODUCTS_DIR; };
		E6F4BC2B1C088A8500C30E47 /* weiboTests.m */ = {isa = PBXFileReference; lastKnownFileType = sourcecode.c.objc; path = weiboTests.m; sourceTree = "<group>"; };
		E6F4BC2D1C088A8500C30E47 /* Info.plist */ = {isa = PBXFileReference; lastKnownFileType = text.plist.xml; path = Info.plist; sourceTree = "<group>"; };
		E6F4BC321C088A8500C30E47 /* weiboUITests.xctest */ = {isa = PBXFileReference; explicitFileType = wrapper.cfbundle; includeInIndex = 0; path = weiboUITests.xctest; sourceTree = BUILT_PRODUCTS_DIR; };
		E6F4BC361C088A8500C30E47 /* weiboUITests.m */ = {isa = PBXFileReference; lastKnownFileType = sourcecode.c.objc; path = weiboUITests.m; sourceTree = "<group>"; };
		E6F4BC381C088A8500C30E47 /* Info.plist */ = {isa = PBXFileReference; lastKnownFileType = text.plist.xml; path = Info.plist; sourceTree = "<group>"; };
/* End PBXFileReference section */

/* Begin PBXFrameworksBuildPhase section */
		E6F4BC0B1C088A8500C30E47 /* Frameworks */ = {
			isa = PBXFrameworksBuildPhase;
			buildActionMask = 2147483647;
			files = (
			);
			runOnlyForDeploymentPostprocessing = 0;
		};
		E6F4BC241C088A8500C30E47 /* Frameworks */ = {
			isa = PBXFrameworksBuildPhase;
			buildActionMask = 2147483647;
			files = (
			);
			runOnlyForDeploymentPostprocessing = 0;
		};
		E6F4BC2F1C088A8500C30E47 /* Frameworks */ = {
			isa = PBXFrameworksBuildPhase;
			buildActionMask = 2147483647;
			files = (
			);
			runOnlyForDeploymentPostprocessing = 0;
		};
/* End PBXFrameworksBuildPhase section */

/* Begin PBXGroup section */
		E64AC4751C0996F8007C6713 /* Classes */ = {
			isa = PBXGroup;
			children = (
				E6629B591C12B6DA008E1A61 /* OAuth */,
				E6836A6C1C11B54700BFD103 /* Newfeature */,
				E64AC4761C0996F8007C6713 /* Discover */,
				E64AC47C1C0996F8007C6713 /* Home */,
				E64AC4821C0996F8007C6713 /* Main */,
				E64AC4921C0996F8007C6713 /* Messagecenter */,
				E64AC4981C0996F8007C6713 /* Profile */,
				E64AC49E1C0996F8007C6713 /* Temp */,
			);
			path = Classes;
			sourceTree = "<group>";
		};
		E64AC4761C0996F8007C6713 /* Discover */ = {
			isa = PBXGroup;
			children = (
				E64AC4771C0996F8007C6713 /* Controller */,
				E64AC47A1C0996F8007C6713 /* Model */,
				E64AC47B1C0996F8007C6713 /* View */,
			);
			path = Discover;
			sourceTree = "<group>";
		};
		E64AC4771C0996F8007C6713 /* Controller */ = {
			isa = PBXGroup;
			children = (
				E64AC4781C0996F8007C6713 /* ZSRDiscoverViewController.h */,
				E64AC4791C0996F8007C6713 /* ZSRDiscoverViewController.m */,
			);
			path = Controller;
			sourceTree = "<group>";
		};
		E64AC47A1C0996F8007C6713 /* Model */ = {
			isa = PBXGroup;
			children = (
			);
			path = Model;
			sourceTree = "<group>";
		};
		E64AC47B1C0996F8007C6713 /* View */ = {
			isa = PBXGroup;
			children = (
			);
			path = View;
			sourceTree = "<group>";
		};
		E64AC47C1C0996F8007C6713 /* Home */ = {
			isa = PBXGroup;
			children = (
				E64AC47D1C0996F8007C6713 /* Controller */,
				E64AC4801C0996F8007C6713 /* Model */,
				E64AC4811C0996F8007C6713 /* View */,
			);
			path = Home;
			sourceTree = "<group>";
		};
		E64AC47D1C0996F8007C6713 /* Controller */ = {
			isa = PBXGroup;
			children = (
				E64AC47E1C0996F8007C6713 /* ZSRHomeViewController.h */,
				E64AC47F1C0996F8007C6713 /* ZSRHomeViewController.m */,
			);
			path = Controller;
			sourceTree = "<group>";
		};
		E64AC4801C0996F8007C6713 /* Model */ = {
			isa = PBXGroup;
			children = (
			);
			path = Model;
			sourceTree = "<group>";
		};
		E64AC4811C0996F8007C6713 /* View */ = {
			isa = PBXGroup;
			children = (
				E6B6C3A81C10754F003B7903 /* ZSRTitleMenuViewController.h */,
				E6B6C3A91C10754F003B7903 /* ZSRTitleMenuViewController.m */,
			);
			path = View;
			sourceTree = "<group>";
		};
		E64AC4821C0996F8007C6713 /* Main */ = {
			isa = PBXGroup;
			children = (
				E6629BAF1C12C82B008E1A61 /* Lib */,
				E6B6C39E1C1058F2003B7903 /* View */,
				E64AC4831C0996F8007C6713 /* Category */,
				E64AC4861C0996F8007C6713 /* Controller */,
				E64AC48C1C0996F8007C6713 /* Model */,
				E64AC48D1C0996F8007C6713 /* Other */,
			);
			path = Main;
			sourceTree = "<group>";
		};
		E64AC4831C0996F8007C6713 /* Category */ = {
			isa = PBXGroup;
			children = (
				E64AC4BA1C099AC8007C6713 /* UIBarButtonItem+Extension.h */,
				E64AC4BB1C099AC8007C6713 /* UIBarButtonItem+Extension.m */,
				E64AC4841C0996F8007C6713 /* UIView+Extension.h */,
				E64AC4851C0996F8007C6713 /* UIView+Extension.m */,
			);
			path = Category;
			sourceTree = "<group>";
		};
		E64AC4861C0996F8007C6713 /* Controller */ = {
			isa = PBXGroup;
			children = (
				E64AC4871C0996F8007C6713 /* ZSRNavigationController.h */,
				E64AC4881C0996F8007C6713 /* ZSRNavigationController.m */,
				E64AC4891C0996F8007C6713 /* ZSRTabBarViewController.h */,
				E64AC48A1C0996F8007C6713 /* ZSRTabBarViewController.m */,
			);
			path = Controller;
			sourceTree = "<group>";
		};
		E64AC48C1C0996F8007C6713 /* Model */ = {
			isa = PBXGroup;
			children = (
			);
			path = Model;
			sourceTree = "<group>";
		};
		E64AC48D1C0996F8007C6713 /* Other */ = {
			isa = PBXGroup;
			children = (
				E64AC48E1C0996F8007C6713 /* AppDelegate.h */,
				E64AC48F1C0996F8007C6713 /* AppDelegate.m */,
				E64AC4901C0996F8007C6713 /* main.m */,
			);
			path = Other;
			sourceTree = "<group>";
		};
		E64AC4921C0996F8007C6713 /* Messagecenter */ = {
			isa = PBXGroup;
			children = (
				E64AC4931C0996F8007C6713 /* Controller */,
				E64AC4961C0996F8007C6713 /* Model */,
				E64AC4971C0996F8007C6713 /* View */,
			);
			path = Messagecenter;
			sourceTree = "<group>";
		};
		E64AC4931C0996F8007C6713 /* Controller */ = {
			isa = PBXGroup;
			children = (
				E64AC4941C0996F8007C6713 /* ZSRMessageCenterViewController.h */,
				E64AC4951C0996F8007C6713 /* ZSRMessageCenterViewController.m */,
			);
			path = Controller;
			sourceTree = "<group>";
		};
		E64AC4961C0996F8007C6713 /* Model */ = {
			isa = PBXGroup;
			children = (
			);
			path = Model;
			sourceTree = "<group>";
		};
		E64AC4971C0996F8007C6713 /* View */ = {
			isa = PBXGroup;
			children = (
			);
			path = View;
			sourceTree = "<group>";
		};
		E64AC4981C0996F8007C6713 /* Profile */ = {
			isa = PBXGroup;
			children = (
				E64AC4991C0996F8007C6713 /* Controller */,
				E64AC49C1C0996F8007C6713 /* Model */,
				E64AC49D1C0996F8007C6713 /* View */,
			);
			path = Profile;
			sourceTree = "<group>";
		};
		E64AC4991C0996F8007C6713 /* Controller */ = {
			isa = PBXGroup;
			children = (
				E64AC49A1C0996F8007C6713 /* ZSRProfileViewController.h */,
				E64AC49B1C0996F8007C6713 /* ZSRProfileViewController.m */,
			);
			path = Controller;
			sourceTree = "<group>";
		};
		E64AC49C1C0996F8007C6713 /* Model */ = {
			isa = PBXGroup;
			children = (
			);
			path = Model;
			sourceTree = "<group>";
		};
		E64AC49D1C0996F8007C6713 /* View */ = {
			isa = PBXGroup;
			children = (
			);
			path = View;
			sourceTree = "<group>";
		};
		E64AC49E1C0996F8007C6713 /* Temp */ = {
			isa = PBXGroup;
			children = (
				E64AC4A21C0996F8007C6713 /* ZSRTest1ViewController.h */,
				E64AC4A31C0996F8007C6713 /* ZSRTest1ViewController.m */,
				E64AC4A41C0996F8007C6713 /* ZSRTest1ViewController.xib */,
				E64AC4A51C0996F8007C6713 /* ZSRTest2ViewController.h */,
				E64AC4A61C0996F8007C6713 /* ZSRTest2ViewController.m */,
				E64AC4A71C0996F8007C6713 /* ZSRTest2ViewController.xib */,
				E64AC4A81C0996F8007C6713 /* ZSRTest3ViewController.h */,
				E64AC4A91C0996F8007C6713 /* ZSRTest3ViewController.m */,
				E64AC4AA1C0996F8007C6713 /* ZSRTest3ViewController.xib */,
			);
			path = Temp;
			sourceTree = "<group>";
		};
		E6629B591C12B6DA008E1A61 /* OAuth */ = {
			isa = PBXGroup;
			children = (
				E6629BFD1C12CA3A008E1A61 /* Model */,
				E6629B5A1C12B6DA008E1A61 /* Controller */,
			);
			path = OAuth;
			sourceTree = "<group>";
		};
		E6629B5A1C12B6DA008E1A61 /* Controller */ = {
			isa = PBXGroup;
			children = (
				E6629B5B1C12B6FE008E1A61 /* ZSROAuthViewController.h */,
				E6629B5C1C12B6FE008E1A61 /* ZSROAuthViewController.m */,
			);
			path = Controller;
			sourceTree = "<group>";
		};
		E6629BAF1C12C82B008E1A61 /* Lib */ = {
			isa = PBXGroup;
			children = (
				E6629BB01C12C82B008E1A61 /* AFNetworking */,
				E6629BC41C12C82C008E1A61 /* MBProgressHUD */,
			);
			path = Lib;
			sourceTree = "<group>";
		};
		E6629BB01C12C82B008E1A61 /* AFNetworking */ = {
			isa = PBXGroup;
			children = (
				E6629BB11C12C82B008E1A61 /* AFHTTPRequestOperation.h */,
				E6629BB21C12C82B008E1A61 /* AFHTTPRequestOperation.m */,
				E6629BB31C12C82B008E1A61 /* AFHTTPRequestOperationManager.h */,
				E6629BB41C12C82B008E1A61 /* AFHTTPRequestOperationManager.m */,
				E6629BB51C12C82B008E1A61 /* AFHTTPSessionManager.h */,
				E6629BB61C12C82B008E1A61 /* AFHTTPSessionManager.m */,
				E6629BB71C12C82B008E1A61 /* AFNetworking.h */,
				E6629BB81C12C82B008E1A61 /* AFNetworkReachabilityManager.h */,
				E6629BB91C12C82B008E1A61 /* AFNetworkReachabilityManager.m */,
				E6629BBA1C12C82B008E1A61 /* AFSecurityPolicy.h */,
				E6629BBB1C12C82B008E1A61 /* AFSecurityPolicy.m */,
				E6629BBC1C12C82B008E1A61 /* AFURLConnectionOperation.h */,
				E6629BBD1C12C82B008E1A61 /* AFURLConnectionOperation.m */,
				E6629BBE1C12C82B008E1A61 /* AFURLRequestSerialization.h */,
				E6629BBF1C12C82B008E1A61 /* AFURLRequestSerialization.m */,
				E6629BC01C12C82B008E1A61 /* AFURLResponseSerialization.h */,
				E6629BC11C12C82C008E1A61 /* AFURLResponseSerialization.m */,
				E6629BC21C12C82C008E1A61 /* AFURLSessionManager.h */,
				E6629BC31C12C82C008E1A61 /* AFURLSessionManager.m */,
			);
			path = AFNetworking;
			sourceTree = "<group>";
		};
		E6629BC41C12C82C008E1A61 /* MBProgressHUD */ = {
			isa = PBXGroup;
			children = (
				E6629BC51C12C82C008E1A61 /* MBProgressHUD+MJ.h */,
				E6629BC61C12C82C008E1A61 /* MBProgressHUD+MJ.m */,
				E6629BC71C12C82C008E1A61 /* MBProgressHUD.bundle */,
				E6629BC81C12C82C008E1A61 /* MBProgressHUD.h */,
				E6629BC91C12C82C008E1A61 /* MBProgressHUD.m */,
			);
			path = MBProgressHUD;
			sourceTree = "<group>";
		};
		E6629BFD1C12CA3A008E1A61 /* Model */ = {
			isa = PBXGroup;
			children = (
			);
			path = Model;
			sourceTree = "<group>";
		};
		E6836A6C1C11B54700BFD103 /* Newfeature */ = {
			isa = PBXGroup;
			children = (
				E6836A6D1C11C45100BFD103 /* ZSRNewfeatureViewController.h */,
				E6836A6E1C11C45100BFD103 /* ZSRNewfeatureViewController.m */,
			);
			path = Newfeature;
			sourceTree = "<group>";
		};
		E6B6C39E1C1058F2003B7903 /* View */ = {
			isa = PBXGroup;
			children = (
				E6B6C39F1C105906003B7903 /* ZSRSearchBar.h */,
				E6B6C3A01C105906003B7903 /* ZSRSearchBar.m */,
				E6B6C3A21C106DDF003B7903 /* ZSRDropdownMenu.h */,
				E6B6C3A31C106DDF003B7903 /* ZSRDropdownMenu.m */,
				E6B6C3AB1C1089EC003B7903 /* ZSRTabBar.h */,
				E6B6C3AC1C1089EC003B7903 /* ZSRTabBar.m */,
			);
			path = View;
			sourceTree = "<group>";
		};
		E6F4BC051C088A8400C30E47 = {
			isa = PBXGroup;
			children = (
				E6F4BC101C088A8500C30E47 /* weibo */,
				E6F4BC2A1C088A8500C30E47 /* weiboTests */,
				E6F4BC351C088A8500C30E47 /* weiboUITests */,
				E6F4BC0F1C088A8500C30E47 /* Products */,
			);
			sourceTree = "<group>";
		};
		E6F4BC0F1C088A8500C30E47 /* Products */ = {
			isa = PBXGroup;
			children = (
				E6F4BC0E1C088A8500C30E47 /* weibo.app */,
				E6F4BC271C088A8500C30E47 /* weiboTests.xctest */,
				E6F4BC321C088A8500C30E47 /* weiboUITests.xctest */,
			);
			name = Products;
			sourceTree = "<group>";
		};
		E6F4BC101C088A8500C30E47 /* weibo */ = {
			isa = PBXGroup;
			children = (
				E64AC4751C0996F8007C6713 /* Classes */,
				E6F4BC1F1C088A8500C30E47 /* LaunchScreen.storyboard */,
				E6F4BC221C088A8500C30E47 /* Info.plist */,
				E6F4BC111C088A8500C30E47 /* Supporting Files */,
			);
			path = weibo;
			sourceTree = "<group>";
		};
		E6F4BC111C088A8500C30E47 /* Supporting Files */ = {
			isa = PBXGroup;
			children = (
				E6F4BC1D1C088A8500C30E47 /* Assets.xcassets */,
				E66724F41C08933F0070FCAD /* weibo.pch */,
			);
			name = "Supporting Files";
			sourceTree = "<group>";
		};
		E6F4BC2A1C088A8500C30E47 /* weiboTests */ = {
			isa = PBXGroup;
			children = (
				E6F4BC2B1C088A8500C30E47 /* weiboTests.m */,
				E6F4BC2D1C088A8500C30E47 /* Info.plist */,
			);
			path = weiboTests;
			sourceTree = "<group>";
		};
		E6F4BC351C088A8500C30E47 /* weiboUITests */ = {
			isa = PBXGroup;
			children = (
				E6F4BC361C088A8500C30E47 /* weiboUITests.m */,
				E6F4BC381C088A8500C30E47 /* Info.plist */,
			);
			path = weiboUITests;
			sourceTree = "<group>";
		};
/* End PBXGroup section */

/* Begin PBXNativeTarget section */
		E6F4BC0D1C088A8500C30E47 /* weibo */ = {
			isa = PBXNativeTarget;
			buildConfigurationList = E6F4BC3B1C088A8500C30E47 /* Build configuration list for PBXNativeTarget "weibo" */;
			buildPhases = (
				E6F4BC0A1C088A8500C30E47 /* Sources */,
				E6F4BC0B1C088A8500C30E47 /* Frameworks */,
				E6F4BC0C1C088A8500C30E47 /* Resources */,
			);
			buildRules = (
			);
			dependencies = (
			);
			name = weibo;
			productName = weibo;
			productReference = E6F4BC0E1C088A8500C30E47 /* weibo.app */;
			productType = "com.apple.product-type.application";
		};
		E6F4BC261C088A8500C30E47 /* weiboTests */ = {
			isa = PBXNativeTarget;
			buildConfigurationList = E6F4BC3E1C088A8500C30E47 /* Build configuration list for PBXNativeTarget "weiboTests" */;
			buildPhases = (
				E6F4BC231C088A8500C30E47 /* Sources */,
				E6F4BC241C088A8500C30E47 /* Frameworks */,
				E6F4BC251C088A8500C30E47 /* Resources */,
			);
			buildRules = (
			);
			dependencies = (
				E6F4BC291C088A8500C30E47 /* PBXTargetDependency */,
			);
			name = weiboTests;
			productName = weiboTests;
			productReference = E6F4BC271C088A8500C30E47 /* weiboTests.xctest */;
			productType = "com.apple.product-type.bundle.unit-test";
		};
		E6F4BC311C088A8500C30E47 /* weiboUITests */ = {
			isa = PBXNativeTarget;
			buildConfigurationList = E6F4BC411C088A8500C30E47 /* Build configuration list for PBXNativeTarget "weiboUITests" */;
			buildPhases = (
				E6F4BC2E1C088A8500C30E47 /* Sources */,
				E6F4BC2F1C088A8500C30E47 /* Frameworks */,
				E6F4BC301C088A8500C30E47 /* Resources */,
			);
			buildRules = (
			);
			dependencies = (
				E6F4BC341C088A8500C30E47 /* PBXTargetDependency */,
			);
			name = weiboUITests;
			productName = weiboUITests;
			productReference = E6F4BC321C088A8500C30E47 /* weiboUITests.xctest */;
			productType = "com.apple.product-type.bundle.ui-testing";
		};
/* End PBXNativeTarget section */

/* Begin PBXProject section */
		E6F4BC061C088A8400C30E47 /* Project object */ = {
			isa = PBXProject;
			attributes = {
				CLASSPREFIX = ZSR;
				LastUpgradeCheck = 0710;
				ORGANIZATIONNAME = hp;
				TargetAttributes = {
					E6F4BC0D1C088A8500C30E47 = {
						CreatedOnToolsVersion = 7.1.1;
						DevelopmentTeam = FJG6A73NSQ;
					};
					E6F4BC261C088A8500C30E47 = {
						CreatedOnToolsVersion = 7.1.1;
						DevelopmentTeam = FJG6A73NSQ;
						TestTargetID = E6F4BC0D1C088A8500C30E47;
					};
					E6F4BC311C088A8500C30E47 = {
						CreatedOnToolsVersion = 7.1.1;
						DevelopmentTeam = FJG6A73NSQ;
						TestTargetID = E6F4BC0D1C088A8500C30E47;
					};
				};
			};
			buildConfigurationList = E6F4BC091C088A8400C30E47 /* Build configuration list for PBXProject "weibo" */;
			compatibilityVersion = "Xcode 3.2";
			developmentRegion = English;
			hasScannedForEncodings = 0;
			knownRegions = (
				en,
				Base,
			);
			mainGroup = E6F4BC051C088A8400C30E47;
			productRefGroup = E6F4BC0F1C088A8500C30E47 /* Products */;
			projectDirPath = "";
			projectRoot = "";
			targets = (
				E6F4BC0D1C088A8500C30E47 /* weibo */,
				E6F4BC261C088A8500C30E47 /* weiboTests */,
				E6F4BC311C088A8500C30E47 /* weiboUITests */,
			);
		};
/* End PBXProject section */

/* Begin PBXResourcesBuildPhase section */
		E6F4BC0C1C088A8500C30E47 /* Resources */ = {
			isa = PBXResourcesBuildPhase;
			buildActionMask = 2147483647;
			files = (
				E64AC4B51C0996F8007C6713 /* ZSRTest1ViewController.xib in Resources */,
				E6F4BC211C088A8500C30E47 /* LaunchScreen.storyboard in Resources */,
				E6F4BC1E1C088A8500C30E47 /* Assets.xcassets in Resources */,
				E64AC4B71C0996F8007C6713 /* ZSRTest2ViewController.xib in Resources */,
				E64AC4B91C0996F8007C6713 /* ZSRTest3ViewController.xib in Resources */,
				E6629BD41C12C82C008E1A61 /* MBProgressHUD.bundle in Resources */,
			);
			runOnlyForDeploymentPostprocessing = 0;
		};
		E6F4BC251C088A8500C30E47 /* Resources */ = {
			isa = PBXResourcesBuildPhase;
			buildActionMask = 2147483647;
			files = (
			);
			runOnlyForDeploymentPostprocessing = 0;
		};
		E6F4BC301C088A8500C30E47 /* Resources */ = {
			isa = PBXResourcesBuildPhase;
			buildActionMask = 2147483647;
			files = (
			);
			runOnlyForDeploymentPostprocessing = 0;
		};
/* End PBXResourcesBuildPhase section */

/* Begin PBXSourcesBuildPhase section */
		E6F4BC0A1C088A8500C30E47 /* Sources */ = {
			isa = PBXSourcesBuildPhase;
			buildActionMask = 2147483647;
			files = (
				E6629BD31C12C82C008E1A61 /* MBProgressHUD+MJ.m in Sources */,
				E6629B5D1C12B6FE008E1A61 /* ZSROAuthViewController.m in Sources */,
				E64AC4B81C0996F8007C6713 /* ZSRTest3ViewController.m in Sources */,
				E64AC4AD1C0996F8007C6713 /* UIView+Extension.m in Sources */,
				E64AC4AB1C0996F8007C6713 /* ZSRDiscoverViewController.m in Sources */,
				E6629BCF1C12C82C008E1A61 /* AFURLConnectionOperation.m in Sources */,
				E6629BCE1C12C82C008E1A61 /* AFSecurityPolicy.m in Sources */,
				E6629BD51C12C82C008E1A61 /* MBProgressHUD.m in Sources */,
				E64AC4B01C0996F8007C6713 /* AppDelegate.m in Sources */,
				E6629BCC1C12C82C008E1A61 /* AFHTTPSessionManager.m in Sources */,
				E64AC4B31C0996F8007C6713 /* ZSRProfileViewController.m in Sources */,
				E6B6C3AD1C1089EC003B7903 /* ZSRTabBar.m in Sources */,
				E6B6C3A11C105906003B7903 /* ZSRSearchBar.m in Sources */,
				E64AC4B41C0996F8007C6713 /* ZSRTest1ViewController.m in Sources */,
				E64AC4AC1C0996F8007C6713 /* ZSRHomeViewController.m in Sources */,
				E64AC4AF1C0996F8007C6713 /* ZSRTabBarViewController.m in Sources */,
				E6629BCB1C12C82C008E1A61 /* AFHTTPRequestOperationManager.m in Sources */,
				E6B6C3A41C106DDF003B7903 /* ZSRDropdownMenu.m in Sources */,
				E6629BCA1C12C82C008E1A61 /* AFHTTPRequestOperation.m in Sources */,
				E6629BD21C12C82C008E1A61 /* AFURLSessionManager.m in Sources */,
				E64AC4B11C0996F8007C6713 /* main.m in Sources */,
				E6629BCD1C12C82C008E1A61 /* AFNetworkReachabilityManager.m in Sources */,
				E6629BD11C12C82C008E1A61 /* AFURLResponseSerialization.m in Sources */,
				E6629BD01C12C82C008E1A61 /* AFURLRequestSerialization.m in Sources */,
				E64AC4B21C0996F8007C6713 /* ZSRMessageCenterViewController.m in Sources */,
				E6B6C3AA1C10754F003B7903 /* ZSRTitleMenuViewController.m in Sources */,
				E64AC4BC1C099AC8007C6713 /* UIBarButtonItem+Extension.m in Sources */,
				E64AC4B61C0996F8007C6713 /* ZSRTest2ViewController.m in Sources */,
				E6836A6F1C11C45100BFD103 /* ZSRNewfeatureViewController.m in Sources */,
				E64AC4AE1C0996F8007C6713 /* ZSRNavigationController.m in Sources */,
			);
			runOnlyForDeploymentPostprocessing = 0;
		};
		E6F4BC231C088A8500C30E47 /* Sources */ = {
			isa = PBXSourcesBuildPhase;
			buildActionMask = 2147483647;
			files = (
				E6F4BC2C1C088A8500C30E47 /* weiboTests.m in Sources */,
			);
			runOnlyForDeploymentPostprocessing = 0;
		};
		E6F4BC2E1C088A8500C30E47 /* Sources */ = {
			isa = PBXSourcesBuildPhase;
			buildActionMask = 2147483647;
			files = (
				E6F4BC371C088A8500C30E47 /* weiboUITests.m in Sources */,
			);
			runOnlyForDeploymentPostprocessing = 0;
		};
/* End PBXSourcesBuildPhase section */

/* Begin PBXTargetDependency section */
		E6F4BC291C088A8500C30E47 /* PBXTargetDependency */ = {
			isa = PBXTargetDependency;
			target = E6F4BC0D1C088A8500C30E47 /* weibo */;
			targetProxy = E6F4BC281C088A8500C30E47 /* PBXContainerItemProxy */;
		};
		E6F4BC341C088A8500C30E47 /* PBXTargetDependency */ = {
			isa = PBXTargetDependency;
			target = E6F4BC0D1C088A8500C30E47 /* weibo */;
			targetProxy = E6F4BC331C088A8500C30E47 /* PBXContainerItemProxy */;
		};
/* End PBXTargetDependency section */

/* Begin PBXVariantGroup section */
		E6F4BC1F1C088A8500C30E47 /* LaunchScreen.storyboard */ = {
			isa = PBXVariantGroup;
			children = (
				E6F4BC201C088A8500C30E47 /* Base */,
			);
			name = LaunchScreen.storyboard;
			sourceTree = "<group>";
		};
/* End PBXVariantGroup section */

/* Begin XCBuildConfiguration section */
		E6F4BC391C088A8500C30E47 /* Debug */ = {
			isa = XCBuildConfiguration;
			buildSettings = {
				ALWAYS_SEARCH_USER_PATHS = NO;
				CLANG_CXX_LANGUAGE_STANDARD = "gnu++0x";
				CLANG_CXX_LIBRARY = "libc++";
				CLANG_ENABLE_MODULES = YES;
				CLANG_ENABLE_OBJC_ARC = YES;
				CLANG_WARN_BOOL_CONVERSION = YES;
				CLANG_WARN_CONSTANT_CONVERSION = YES;
				CLANG_WARN_DIRECT_OBJC_ISA_USAGE = YES_ERROR;
				CLANG_WARN_EMPTY_BODY = YES;
				CLANG_WARN_ENUM_CONVERSION = YES;
				CLANG_WARN_INT_CONVERSION = YES;
				CLANG_WARN_OBJC_ROOT_CLASS = YES_ERROR;
				CLANG_WARN_UNREACHABLE_CODE = YES;
				CLANG_WARN__DUPLICATE_METHOD_MATCH = YES;
				"CODE_SIGN_IDENTITY[sdk=iphoneos*]" = "iPhone Developer";
				COPY_PHASE_STRIP = NO;
				DEBUG_INFORMATION_FORMAT = dwarf;
				ENABLE_STRICT_OBJC_MSGSEND = YES;
				ENABLE_TESTABILITY = YES;
				GCC_C_LANGUAGE_STANDARD = gnu99;
				GCC_DYNAMIC_NO_PIC = NO;
				GCC_NO_COMMON_BLOCKS = YES;
				GCC_OPTIMIZATION_LEVEL = 0;
				GCC_PREPROCESSOR_DEFINITIONS = (
					"DEBUG=1",
					"$(inherited)",
				);
				GCC_WARN_64_TO_32_BIT_CONVERSION = YES;
				GCC_WARN_ABOUT_RETURN_TYPE = YES_ERROR;
				GCC_WARN_UNDECLARED_SELECTOR = YES;
				GCC_WARN_UNINITIALIZED_AUTOS = YES_AGGRESSIVE;
				GCC_WARN_UNUSED_FUNCTION = YES;
				GCC_WARN_UNUSED_VARIABLE = YES;
				IPHONEOS_DEPLOYMENT_TARGET = 9.1;
				MTL_ENABLE_DEBUG_INFO = YES;
				ONLY_ACTIVE_ARCH = YES;
				SDKROOT = iphoneos;
			};
			name = Debug;
		};
		E6F4BC3A1C088A8500C30E47 /* Release */ = {
			isa = XCBuildConfiguration;
			buildSettings = {
				ALWAYS_SEARCH_USER_PATHS = NO;
				CLANG_CXX_LANGUAGE_STANDARD = "gnu++0x";
				CLANG_CXX_LIBRARY = "libc++";
				CLANG_ENABLE_MODULES = YES;
				CLANG_ENABLE_OBJC_ARC = YES;
				CLANG_WARN_BOOL_CONVERSION = YES;
				CLANG_WARN_CONSTANT_CONVERSION = YES;
				CLANG_WARN_DIRECT_OBJC_ISA_USAGE = YES_ERROR;
				CLANG_WARN_EMPTY_BODY = YES;
				CLANG_WARN_ENUM_CONVERSION = YES;
				CLANG_WARN_INT_CONVERSION = YES;
				CLANG_WARN_OBJC_ROOT_CLASS = YES_ERROR;
				CLANG_WARN_UNREACHABLE_CODE = YES;
				CLANG_WARN__DUPLICATE_METHOD_MATCH = YES;
				"CODE_SIGN_IDENTITY[sdk=iphoneos*]" = "iPhone Developer";
				COPY_PHASE_STRIP = NO;
				DEBUG_INFORMATION_FORMAT = "dwarf-with-dsym";
				ENABLE_NS_ASSERTIONS = NO;
				ENABLE_STRICT_OBJC_MSGSEND = YES;
				GCC_C_LANGUAGE_STANDARD = gnu99;
				GCC_NO_COMMON_BLOCKS = YES;
				GCC_WARN_64_TO_32_BIT_CONVERSION = YES;
				GCC_WARN_ABOUT_RETURN_TYPE = YES_ERROR;
				GCC_WARN_UNDECLARED_SELECTOR = YES;
				GCC_WARN_UNINITIALIZED_AUTOS = YES_AGGRESSIVE;
				GCC_WARN_UNUSED_FUNCTION = YES;
				GCC_WARN_UNUSED_VARIABLE = YES;
				IPHONEOS_DEPLOYMENT_TARGET = 9.1;
				MTL_ENABLE_DEBUG_INFO = NO;
				SDKROOT = iphoneos;
				VALIDATE_PRODUCT = YES;
			};
			name = Release;
		};
		E6F4BC3C1C088A8500C30E47 /* Debug */ = {
			isa = XCBuildConfiguration;
			buildSettings = {
				ASSETCATALOG_COMPILER_APPICON_NAME = AppIcon;
				GCC_PRECOMPILE_PREFIX_HEADER = YES;
				GCC_PREFIX_HEADER = "$(SRCROOT)/weibo/weibo.pch";
				"GCC_PREPROCESSOR_DEFINITIONS_NOT_USED_IN_PRECOMPS[arch=*]" = "";
				INFOPLIST_FILE = weibo/Info.plist;
				LD_RUNPATH_SEARCH_PATHS = "$(inherited) @executable_path/Frameworks";
				PRODUCT_BUNDLE_IDENTIFIER = com.zhang.MYweibo;
				PRODUCT_NAME = "$(TARGET_NAME)";
			};
			name = Debug;
		};
		E6F4BC3D1C088A8500C30E47 /* Release */ = {
			isa = XCBuildConfiguration;
			buildSettings = {
				ASSETCATALOG_COMPILER_APPICON_NAME = AppIcon;
				GCC_PRECOMPILE_PREFIX_HEADER = YES;
				GCC_PREFIX_HEADER = "$(SRCROOT)/weibo/weibo.pch";
				"GCC_PREPROCESSOR_DEFINITIONS_NOT_USED_IN_PRECOMPS[arch=*]" = "";
				INFOPLIST_FILE = weibo/Info.plist;
				LD_RUNPATH_SEARCH_PATHS = "$(inherited) @executable_path/Frameworks";
				PRODUCT_BUNDLE_IDENTIFIER = com.zhang.MYweibo;
				PRODUCT_NAME = "$(TARGET_NAME)";
			};
			name = Release;
		};
		E6F4BC3F1C088A8500C30E47 /* Debug */ = {
			isa = XCBuildConfiguration;
			buildSettings = {
				BUNDLE_LOADER = "$(TEST_HOST)";
				INFOPLIST_FILE = weiboTests/Info.plist;
				LD_RUNPATH_SEARCH_PATHS = "$(inherited) @executable_path/Frameworks @loader_path/Frameworks";
				PRODUCT_BUNDLE_IDENTIFIER = com.zhang.weiboTests;
				PRODUCT_NAME = "$(TARGET_NAME)";
				TEST_HOST = "$(BUILT_PRODUCTS_DIR)/weibo.app/weibo";
			};
			name = Debug;
		};
		E6F4BC401C088A8500C30E47 /* Release */ = {
			isa = XCBuildConfiguration;
			buildSettings = {
				BUNDLE_LOADER = "$(TEST_HOST)";
				INFOPLIST_FILE = weiboTests/Info.plist;
				LD_RUNPATH_SEARCH_PATHS = "$(inherited) @executable_path/Frameworks @loader_path/Frameworks";
				PRODUCT_BUNDLE_IDENTIFIER = com.zhang.weiboTests;
				PRODUCT_NAME = "$(TARGET_NAME)";
				TEST_HOST = "$(BUILT_PRODUCTS_DIR)/weibo.app/weibo";
			};
			name = Release;
		};
		E6F4BC421C088A8500C30E47 /* Debug */ = {
			isa = XCBuildConfiguration;
			buildSettings = {
				INFOPLIST_FILE = weiboUITests/Info.plist;
				LD_RUNPATH_SEARCH_PATHS = "$(inherited) @executable_path/Frameworks @loader_path/Frameworks";
				PRODUCT_BUNDLE_IDENTIFIER = com.zhang.weiboUITests;
				PRODUCT_NAME = "$(TARGET_NAME)";
				TEST_TARGET_NAME = weibo;
				USES_XCTRUNNER = YES;
			};
			name = Debug;
		};
		E6F4BC431C088A8500C30E47 /* Release */ = {
			isa = XCBuildConfiguration;
			buildSettings = {
				INFOPLIST_FILE = weiboUITests/Info.plist;
				LD_RUNPATH_SEARCH_PATHS = "$(inherited) @executable_path/Frameworks @loader_path/Frameworks";
				PRODUCT_BUNDLE_IDENTIFIER = com.zhang.weiboUITests;
				PRODUCT_NAME = "$(TARGET_NAME)";
				TEST_TARGET_NAME = weibo;
				USES_XCTRUNNER = YES;
			};
			name = Release;
		};
/* End XCBuildConfiguration section */

/* Begin XCConfigurationList section */
		E6F4BC091C088A8400C30E47 /* Build configuration list for PBXProject "weibo" */ = {
			isa = XCConfigurationList;
			buildConfigurations = (
				E6F4BC391C088A8500C30E47 /* Debug */,
				E6F4BC3A1C088A8500C30E47 /* Release */,
			);
			defaultConfigurationIsVisible = 0;
			defaultConfigurationName = Release;
		};
		E6F4BC3B1C088A8500C30E47 /* Build configuration list for PBXNativeTarget "weibo" */ = {
			isa = XCConfigurationList;
			buildConfigurations = (
				E6F4BC3C1C088A8500C30E47 /* Debug */,
				E6F4BC3D1C088A8500C30E47 /* Release */,
			);
			defaultConfigurationIsVisible = 0;
			defaultConfigurationName = Release;
		};
		E6F4BC3E1C088A8500C30E47 /* Build configuration list for PBXNativeTarget "weiboTests" */ = {
			isa = XCConfigurationList;
			buildConfigurations = (
				E6F4BC3F1C088A8500C30E47 /* Debug */,
				E6F4BC401C088A8500C30E47 /* Release */,
			);
			defaultConfigurationIsVisible = 0;
			defaultConfigurationName = Release;
		};
		E6F4BC411C088A8500C30E47 /* Build configuration list for PBXNativeTarget "weiboUITests" */ = {
			isa = XCConfigurationList;
			buildConfigurations = (
				E6F4BC421C088A8500C30E47 /* Debug */,
				E6F4BC431C088A8500C30E47 /* Release */,
			);
			defaultConfigurationIsVisible = 0;
			defaultConfigurationName = Release;
		};
/* End XCConfigurationList section */
	};
	rootObject = E6F4BC061C088A8400C30E47 /* Project object */;
}
